
Microsoft Visual Studio Solution File, Format Version 12.00
# Visual Studio Version 16
VisualStudioVersion = 16.0.30320.27
MinimumVisualStudioVersion = 15.0.26124.0
Project("{9A19103F-16F7-4668-BE54-9A1E7A4F7556}") = "Singulink.Enums", "Singulink.Enums\Singulink.Enums.csproj", "{AF785DB9-E058-43B0-93D8-294C460308AD}"
EndProject
Project("{2150E333-8FDC-42A3-9474-1A3956D46DE8}") = "Solution Items", "Solution Items", "{90518D64-F526-4BA4-9644-26C431609CEB}"
	ProjectSection(SolutionItems) = preProject
		.editorconfig = .editorconfig
		Directory.Build.props = Directory.Build.props
	EndProjectSection
EndProject
Project("{FAE04EC0-301F-11D3-BF4B-00C04F79EFBC}") = "Singulink.Enums.Tests", "Singulink.Enums.Tests\Singulink.Enums.Tests.csproj", "{6DDD75B0-4AD6-4423-A398-AF00BAF0830B}"
EndProject
Project("{2150E333-8FDC-42A3-9474-1A3956D46DE8}") = "Tests", "Tests", "{C23262BC-2BDD-4765-8D32-8B374D75EF22}"
EndProject
Global
	GlobalSection(SolutionConfigurationPlatforms) = preSolution
		Debug|Any CPU = Debug|Any CPU
		Debug|x64 = Debug|x64
		Debug|x86 = Debug|x86
		Release|Any CPU = Release|Any CPU
		Release|x64 = Release|x64
		Release|x86 = Release|x86
	EndGlobalSection
	GlobalSection(ProjectConfigurationPlatforms) = postSolution
		{AF785DB9-E058-43B0-93D8-294C460308AD}.Debug|Any CPU.ActiveCfg = Debug|Any CPU
		{AF785DB9-E058-43B0-93D8-294C460308AD}.Debug|Any CPU.Build.0 = Debug|Any CPU
		{AF785DB9-E058-43B0-93D8-294C460308AD}.Debug|x64.ActiveCfg = Debug|Any CPU
		{AF785DB9-E058-43B0-93D8-294C460308AD}.Debug|x64.Build.0 = Debug|Any CPU
		{AF785DB9-E058-43B0-93D8-294C460308AD}.Debug|x86.ActiveCfg = Debug|Any CPU
		{AF785DB9-E058-43B0-93D8-294C460308AD}.Debug|x86.Build.0 = Debug|Any CPU
		{AF785DB9-E058-43B0-93D8-294C460308AD}.Release|Any CPU.ActiveCfg = Release|Any CPU
		{AF785DB9-E058-43B0-93D8-294C460308AD}.Release|Any CPU.Build.0 = Release|Any CPU
		{AF785DB9-E058-43B0-93D8-294C460308AD}.Release|x64.ActiveCfg = Release|Any CPU
		{AF785DB9-E058-43B0-93D8-294C460308AD}.Release|x64.Build.0 = Release|Any CPU
		{AF785DB9-E058-43B0-93D8-294C460308AD}.Release|x86.ActiveCfg = Release|Any CPU
		{AF785DB9-E058-43B0-93D8-294C460308AD}.Release|x86.Build.0 = Release|Any CPU
		{6DDD75B0-4AD6-4423-A398-AF00BAF0830B}.Debug|Any CPU.ActiveCfg = Debug|Any CPU
		{6DDD75B0-4AD6-4423-A398-AF00BAF0830B}.Debug|Any CPU.Build.0 = Debug|Any CPU
		{6DDD75B0-4AD6-4423-A398-AF00BAF0830B}.Debug|x64.ActiveCfg = Debug|Any CPU
		{6DDD75B0-4AD6-4423-A398-AF00BAF0830B}.Debug|x64.Build.0 = Debug|Any CPU
		{6DDD75B0-4AD6-4423-A398-AF00BAF0830B}.Debug|x86.ActiveCfg = Debug|Any CPU
		{6DDD75B0-4AD6-4423-A398-AF00BAF0830B}.Debug|x86.Build.0 = Debug|Any CPU
		{6DDD75B0-4AD6-4423-A398-AF00BAF0830B}.Release|Any CPU.ActiveCfg = Release|Any CPU
		{6DDD75B0-4AD6-4423-A398-AF00BAF0830B}.Release|Any CPU.Build.0 = Release|Any CPU
		{6DDD75B0-4AD6-4423-A398-AF00BAF0830B}.Release|x64.ActiveCfg = Release|Any CPU
		{6DDD75B0-4AD6-4423-A398-AF00BAF0830B}.Release|x64.Build.0 = Release|Any CPU
		{6DDD75B0-4AD6-4423-A398-AF00BAF0830B}.Release|x86.ActiveCfg = Release|Any CPU
		{6DDD75B0-4AD6-4423-A398-AF00BAF0830B}.Release|x86.Build.0 = Release|Any CPU
	EndGlobalSection
	GlobalSection(SolutionProperties) = preSolution
		HideSolutionNode = FALSE
	EndGlobalSection
	GlobalSection(NestedProjects) = preSolution
		{6DDD75B0-4AD6-4423-A398-AF00BAF0830B} = {C23262BC-2BDD-4765-8D32-8B374D75EF22}
	EndGlobalSection
	GlobalSection(ExtensibilityGlobals) = postSolution
		SolutionGuid = {7040381B-0F17-43AE-8CD0-5B4FD1683A65}
	EndGlobalSection
EndGlobal
